
Microsoft Visual Studio Solution File, Format Version 12.00
# Visual Studio Version 16
VisualStudioVersion = 16.0.32802.440
MinimumVisualStudioVersion = 10.0.40219.1
Project("{FAE04EC0-301F-11D3-BF4B-00C04F79EFBC}") = "JoshMkhariPROG7312Game", "JoshMkhariPROG7312Game.csproj", "{2AEB3C88-747F-4533-A41F-0A87D4CD8B9A}"
EndProject
Global
	GlobalSection(SolutionConfigurationPlatforms) = preSolution
		Debug|Any CPU = Debug|Any CPU
		Release|Any CPU = Release|Any CPU
	EndGlobalSection
	GlobalSection(ProjectConfigurationPlatforms) = postSolution
		{2AEB3C88-747F-4533-A41F-0A87D4CD8B9A}.Debug|Any CPU.ActiveCfg = Debug|Any CPU
		{2AEB3C88-747F-4533-A41F-0A87D4CD8B9A}.Debug|Any CPU.Build.0 = Debug|Any CPU
		{2AEB3C88-747F-4533-A41F-0A87D4CD8B9A}.Release|Any CPU.ActiveCfg = Release|Any CPU
		{2AEB3C88-747F-4533-A41F-0A87D4CD8B9A}.Release|Any CPU.Build.0 = Release|Any CPU
	EndGlobalSection
	GlobalSection(SolutionProperties) = preSolution
		HideSolutionNode = FALSE
	EndGlobalSection
	GlobalSection(ExtensibilityGlobals) = postSolution
		SolutionGuid = {09D5760B-7BF7-4D8D-A0BF-67F4BBC46F60}
	EndGlobalSection
EndGlobal
